
Microsoft Visual Studio Solution File, Format Version 12.00
# Visual Studio Version 16
VisualStudioVersion = 16.0.30011.22
MinimumVisualStudioVersion = 10.0.40219.1
Project("{FAE04EC0-301F-11D3-BF4B-00C04F79EFBC}") = "PewsClient", "PewsClient\PewsClient.csproj", "{5AD7EA77-A9D5-42AC-BF88-AC2B3C014028}"
EndProject
Global
	GlobalSection(SolutionConfigurationPlatforms) = preSolution
		Debug|Any CPU = Debug|Any CPU
		Release|Any CPU = Release|Any CPU
	EndGlobalSection
	GlobalSection(ProjectConfigurationPlatforms) = postSolution
		{5AD7EA77-A9D5-42AC-BF88-AC2B3C014028}.Debug|Any CPU.ActiveCfg = Debug|Any CPU
		{5AD7EA77-A9D5-42AC-BF88-AC2B3C014028}.Debug|Any CPU.Build.0 = Debug|Any CPU
		{5AD7EA77-A9D5-42AC-BF88-AC2B3C014028}.Release|Any CPU.ActiveCfg = Release|Any CPU
		{5AD7EA77-A9D5-42AC-BF88-AC2B3C014028}.Release|Any CPU.Build.0 = Release|Any CPU
	EndGlobalSection
	GlobalSection(SolutionProperties) = preSolution
		HideSolutionNode = FALSE
	EndGlobalSection
	GlobalSection(ExtensibilityGlobals) = postSolution
		SolutionGuid = {F507AB37-F2DC-4B15-A808-6DB7DA53E947}
	EndGlobalSection
EndGlobal
